// !$*UTF8*$!
{
	archiveVersion = 1;
	classes = {
	};
	objectVersion = 55;
	objects = {

/* Begin PBXBuildFile section */
		29A93F3129785476003DF647 /* MoonshotApp.swift in Sources */ = {isa = PBXBuildFile; fileRef = 29A93F3029785476003DF647 /* MoonshotApp.swift */; };
		29A93F3329785476003DF647 /* ContentView.swift in Sources */ = {isa = PBXBuildFile; fileRef = 29A93F3229785476003DF647 /* ContentView.swift */; };
		29A93F3529785477003DF647 /* Assets.xcassets in Resources */ = {isa = PBXBuildFile; fileRef = 29A93F3429785477003DF647 /* Assets.xcassets */; };
		29A93F3829785477003DF647 /* Preview Assets.xcassets in Resources */ = {isa = PBXBuildFile; fileRef = 29A93F3729785477003DF647 /* Preview Assets.xcassets */; };
		29A93F40297854EC003DF647 /* astronauts.json in Resources */ = {isa = PBXBuildFile; fileRef = 29A93F3E297854EC003DF647 /* astronauts.json */; };
		29A93F41297854EC003DF647 /* missions.json in Resources */ = {isa = PBXBuildFile; fileRef = 29A93F3F297854EC003DF647 /* missions.json */; };
		29A93F4529785740003DF647 /* Astronaut.swift in Sources */ = {isa = PBXBuildFile; fileRef = 29A93F4429785740003DF647 /* Astronaut.swift */; };
		29A93F472978581D003DF647 /* Bundle-Decodable.swift in Sources */ = {isa = PBXBuildFile; fileRef = 29A93F462978581D003DF647 /* Bundle-Decodable.swift */; };
		29A93F4929785EB6003DF647 /* Mission.swift in Sources */ = {isa = PBXBuildFile; fileRef = 29A93F4829785EB6003DF647 /* Mission.swift */; };
		29A93F4B29788FED003DF647 /* Color-Theme.swift in Sources */ = {isa = PBXBuildFile; fileRef = 29A93F4A29788FED003DF647 /* Color-Theme.swift */; };
		29AE5A9A297B2F7200EBD05F /* MissionScrollView.swift in Sources */ = {isa = PBXBuildFile; fileRef = 29AE5A99297B2F7200EBD05F /* MissionScrollView.swift */; };
		29AE5A9C297B37AB00EBD05F /* GridContentView.swift in Sources */ = {isa = PBXBuildFile; fileRef = 29AE5A9B297B37AB00EBD05F /* GridContentView.swift */; };
		29AE5A9E297B37C800EBD05F /* ListContentView.swift in Sources */ = {isa = PBXBuildFile; fileRef = 29AE5A9D297B37C800EBD05F /* ListContentView.swift */; };
		29B2F4F2297966760004844A /* AstronautView.swift in Sources */ = {isa = PBXBuildFile; fileRef = 29B2F4F1297966760004844A /* AstronautView.swift */; };
		29BD1791297947170007214A /* MissionView.swift in Sources */ = {isa = PBXBuildFile; fileRef = 29BD1790297947170007214A /* MissionView.swift */; };
/* End PBXBuildFile section */

/* Begin PBXFileReference section */
		29A93F2D29785476003DF647 /* Moonshot.app */ = {isa = PBXFileReference; explicitFileType = wrapper.application; includeInIndex = 0; path = Moonshot.app; sourceTree = BUILT_PRODUCTS_DIR; };
		29A93F3029785476003DF647 /* MoonshotApp.swift */ = {isa = PBXFileReference; lastKnownFileType = sourcecode.swift; path = MoonshotApp.swift; sourceTree = "<group>"; };
		29A93F3229785476003DF647 /* ContentView.swift */ = {isa = PBXFileReference; lastKnownFileType = sourcecode.swift; path = ContentView.swift; sourceTree = "<group>"; };
		29A93F3429785477003DF647 /* Assets.xcassets */ = {isa = PBXFileReference; lastKnownFileType = folder.assetcatalog; path = Assets.xcassets; sourceTree = "<group>"; };
		29A93F3729785477003DF647 /* Preview Assets.xcassets */ = {isa = PBXFileReference; lastKnownFileType = folder.assetcatalog; path = "Preview Assets.xcassets"; sourceTree = "<group>"; };
		29A93F3E297854EC003DF647 /* astronauts.json */ = {isa = PBXFileReference; fileEncoding = 4; lastKnownFileType = text.json; path = astronauts.json; sourceTree = "<group>"; };
		29A93F3F297854EC003DF647 /* missions.json */ = {isa = PBXFileReference; fileEncoding = 4; lastKnownFileType = text.json; path = missions.json; sourceTree = "<group>"; };
		29A93F4429785740003DF647 /* Astronaut.swift */ = {isa = PBXFileReference; lastKnownFileType = sourcecode.swift; path = Astronaut.swift; sourceTree = "<group>"; };
		29A93F462978581D003DF647 /* Bundle-Decodable.swift */ = {isa = PBXFileReference; lastKnownFileType = sourcecode.swift; path = "Bundle-Decodable.swift"; sourceTree = "<group>"; };
		29A93F4829785EB6003DF647 /* Mission.swift */ = {isa = PBXFileReference; lastKnownFileType = sourcecode.swift; path = Mission.swift; sourceTree = "<group>"; };
		29A93F4A29788FED003DF647 /* Color-Theme.swift */ = {isa = PBXFileReference; lastKnownFileType = sourcecode.swift; path = "Color-Theme.swift"; sourceTree = "<group>"; };
		29AE5A99297B2F7200EBD05F /* MissionScrollView.swift */ = {isa = PBXFileReference; lastKnownFileType = sourcecode.swift; path = MissionScrollView.swift; sourceTree = "<group>"; };
		29AE5A9B297B37AB00EBD05F /* GridContentView.swift */ = {isa = PBXFileReference; lastKnownFileType = sourcecode.swift; path = GridContentView.swift; sourceTree = "<group>"; };
		29AE5A9D297B37C800EBD05F /* ListContentView.swift */ = {isa = PBXFileReference; lastKnownFileType = sourcecode.swift; path = ListContentView.swift; sourceTree = "<group>"; };
		29B2F4F1297966760004844A /* AstronautView.swift */ = {isa = PBXFileReference; lastKnownFileType = sourcecode.swift; path = AstronautView.swift; sourceTree = "<group>"; };
		29BD1790297947170007214A /* MissionView.swift */ = {isa = PBXFileReference; lastKnownFileType = sourcecode.swift; path = MissionView.swift; sourceTree = "<group>"; };
/* End PBXFileReference section */

/* Begin PBXFrameworksBuildPhase section */
		29A93F2A29785476003DF647 /* Frameworks */ = {
			isa = PBXFrameworksBuildPhase;
			buildActionMask = 2147483647;
			files = (
			);
			runOnlyForDeploymentPostprocessing = 0;
		};
/* End PBXFrameworksBuildPhase section */

/* Begin PBXGroup section */
		29A93F2429785476003DF647 = {
			isa = PBXGroup;
			children = (
				29A93F2F29785476003DF647 /* Moonshot */,
				29A93F2E29785476003DF647 /* Products */,
			);
			sourceTree = "<group>";
		};
		29A93F2E29785476003DF647 /* Products */ = {
			isa = PBXGroup;
			children = (
				29A93F2D29785476003DF647 /* Moonshot.app */,
			);
			name = Products;
			sourceTree = "<group>";
		};
		29A93F2F29785476003DF647 /* Moonshot */ = {
			isa = PBXGroup;
			children = (
				29A93F3029785476003DF647 /* MoonshotApp.swift */,
				29A93F3229785476003DF647 /* ContentView.swift */,
				29AE5A9B297B37AB00EBD05F /* GridContentView.swift */,
				29AE5A9D297B37C800EBD05F /* ListContentView.swift */,
				29BD1790297947170007214A /* MissionView.swift */,
				29AE5A99297B2F7200EBD05F /* MissionScrollView.swift */,
				29B2F4F1297966760004844A /* AstronautView.swift */,
				29A93F4429785740003DF647 /* Astronaut.swift */,
				29A93F4829785EB6003DF647 /* Mission.swift */,
				29A93F462978581D003DF647 /* Bundle-Decodable.swift */,
				29A93F4A29788FED003DF647 /* Color-Theme.swift */,
				29A93F3E297854EC003DF647 /* astronauts.json */,
				29A93F3F297854EC003DF647 /* missions.json */,
				29A93F3429785477003DF647 /* Assets.xcassets */,
				29A93F3629785477003DF647 /* Preview Content */,
			);
			path = Moonshot;
			sourceTree = "<group>";
		};
		29A93F3629785477003DF647 /* Preview Content */ = {
			isa = PBXGroup;
			children = (
				29A93F3729785477003DF647 /* Preview Assets.xcassets */,
			);
			path = "Preview Content";
			sourceTree = "<group>";
		};
/* End PBXGroup section */

/* Begin PBXNativeTarget section */
		29A93F2C29785476003DF647 /* Moonshot */ = {
			isa = PBXNativeTarget;
			buildConfigurationList = 29A93F3B29785477003DF647 /* Build configuration list for PBXNativeTarget "Moonshot" */;
			buildPhases = (
				29A93F2929785476003DF647 /* Sources */,
				29A93F2A29785476003DF647 /* Frameworks */,
				29A93F2B29785476003DF647 /* Resources */,
			);
			buildRules = (
			);
			dependencies = (
			);
			name = Moonshot;
			productName = Moonshot;
			productReference = 29A93F2D29785476003DF647 /* Moonshot.app */;
			productType = "com.apple.product-type.application";
		};
/* End PBXNativeTarget section */

/* Begin PBXProject section */
		29A93F2529785476003DF647 /* Project object */ = {
			isa = PBXProject;
			attributes = {
				BuildIndependentTargetsInParallel = 1;
				LastSwiftUpdateCheck = 1340;
				LastUpgradeCheck = 1340;
				TargetAttributes = {
					29A93F2C29785476003DF647 = {
						CreatedOnToolsVersion = 13.4.1;
					};
				};
			};
			buildConfigurationList = 29A93F2829785476003DF647 /* Build configuration list for PBXProject "Moonshot" */;
			compatibilityVersion = "Xcode 13.0";
			developmentRegion = en;
			hasScannedForEncodings = 0;
			knownRegions = (
				en,
				Base,
			);
			mainGroup = 29A93F2429785476003DF647;
			productRefGroup = 29A93F2E29785476003DF647 /* Products */;
			projectDirPath = "";
			projectRoot = "";
			targets = (
				29A93F2C29785476003DF647 /* Moonshot */,
			);
		};
/* End PBXProject section */

/* Begin PBXResourcesBuildPhase section */
		29A93F2B29785476003DF647 /* Resources */ = {
			isa = PBXResourcesBuildPhase;
			buildActionMask = 2147483647;
			files = (
				29A93F40297854EC003DF647 /* astronauts.json in Resources */,
				29A93F3829785477003DF647 /* Preview Assets.xcassets in Resources */,
				29A93F41297854EC003DF647 /* missions.json in Resources */,
				29A93F3529785477003DF647 /* Assets.xcassets in Resources */,
			);
			runOnlyForDeploymentPostprocessing = 0;
		};
/* End PBXResourcesBuildPhase section */

/* Begin PBXSourcesBuildPhase section */
		29A93F2929785476003DF647 /* Sources */ = {
			isa = PBXSourcesBuildPhase;
			buildActionMask = 2147483647;
			files = (
				29BD1791297947170007214A /* MissionView.swift in Sources */,
				29A93F4529785740003DF647 /* Astronaut.swift in Sources */,
				29AE5A9A297B2F7200EBD05F /* MissionScrollView.swift in Sources */,
				29AE5A9E297B37C800EBD05F /* ListContentView.swift in Sources */,
				29B2F4F2297966760004844A /* AstronautView.swift in Sources */,
				29A93F4B29788FED003DF647 /* Color-Theme.swift in Sources */,
				29A93F3329785476003DF647 /* ContentView.swift in Sources */,
				29A93F3129785476003DF647 /* MoonshotApp.swift in Sources */,
				29A93F4929785EB6003DF647 /* Mission.swift in Sources */,
				29AE5A9C297B37AB00EBD05F /* GridContentView.swift in Sources */,
				29A93F472978581D003DF647 /* Bundle-Decodable.swift in Sources */,
			);
			runOnlyForDeploymentPostprocessing = 0;
		};
/* End PBXSourcesBuildPhase section */

/* Begin XCBuildConfiguration section */
		29A93F3929785477003DF647 /* Debug */ = {
			isa = XCBuildConfiguration;
			buildSettings = {
				ALWAYS_SEARCH_USER_PATHS = NO;
				CLANG_ANALYZER_NONNULL = YES;
				CLANG_ANALYZER_NUMBER_OBJECT_CONVERSION = YES_AGGRESSIVE;
				CLANG_CXX_LANGUAGE_STANDARD = "gnu++17";
				CLANG_ENABLE_MODULES = YES;
				CLANG_ENABLE_OBJC_ARC = YES;
				CLANG_ENABLE_OBJC_WEAK = YES;
				CLANG_WARN_BLOCK_CAPTURE_AUTORELEASING = YES;
				CLANG_WARN_BOOL_CONVERSION = YES;
				CLANG_WARN_COMMA = YES;
				CLANG_WARN_CONSTANT_CONVERSION = YES;
				CLANG_WARN_DEPRECATED_OBJC_IMPLEMENTATIONS = YES;
				CLANG_WARN_DIRECT_OBJC_ISA_USAGE = YES_ERROR;
				CLANG_WARN_DOCUMENTATION_COMMENTS = YES;
				CLANG_WARN_EMPTY_BODY = YES;
				CLANG_WARN_ENUM_CONVERSION = YES;
				CLANG_WARN_INFINITE_RECURSION = YES;
				CLANG_WARN_INT_CONVERSION = YES;
				CLANG_WARN_NON_LITERAL_NULL_CONVERSION = YES;
				CLANG_WARN_OBJC_IMPLICIT_RETAIN_SELF = YES;
				CLANG_WARN_OBJC_LITERAL_CONVERSION = YES;
				CLANG_WARN_OBJC_ROOT_CLASS = YES_ERROR;
				CLANG_WARN_QUOTED_INCLUDE_IN_FRAMEWORK_HEADER = YES;
				CLANG_WARN_RANGE_LOOP_ANALYSIS = YES;
				CLANG_WARN_STRICT_PROTOTYPES = YES;
				CLANG_WARN_SUSPICIOUS_MOVE = YES;
				CLANG_WARN_UNGUARDED_AVAILABILITY = YES_AGGRESSIVE;
				CLANG_WARN_UNREACHABLE_CODE = YES;
				CLANG_WARN__DUPLICATE_METHOD_MATCH = YES;
				COPY_PHASE_STRIP = NO;
				DEBUG_INFORMATION_FORMAT = dwarf;
				ENABLE_STRICT_OBJC_MSGSEND = YES;
				ENABLE_TESTABILITY = YES;
				GCC_C_LANGUAGE_STANDARD = gnu11;
				GCC_DYNAMIC_NO_PIC = NO;
				GCC_NO_COMMON_BLOCKS = YES;
				GCC_OPTIMIZATION_LEVEL = 0;
				GCC_PREPROCESSOR_DEFINITIONS = (
					"DEBUG=1",
					"$(inherited)",
				);
				GCC_WARN_64_TO_32_BIT_CONVERSION = YES;
				GCC_WARN_ABOUT_RETURN_TYPE = YES_ERROR;
				GCC_WARN_UNDECLARED_SELECTOR = YES;
				GCC_WARN_UNINITIALIZED_AUTOS = YES_AGGRESSIVE;
				GCC_WARN_UNUSED_FUNCTION = YES;
				GCC_WARN_UNUSED_VARIABLE = YES;
				IPHONEOS_DEPLOYMENT_TARGET = 15.5;
				MTL_ENABLE_DEBUG_INFO = INCLUDE_SOURCE;
				MTL_FAST_MATH = YES;
				ONLY_ACTIVE_ARCH = YES;
				SDKROOT = iphoneos;
				SWIFT_ACTIVE_COMPILATION_CONDITIONS = DEBUG;
				SWIFT_OPTIMIZATION_LEVEL = "-Onone";
			};
			name = Debug;
		};
		29A93F3A29785477003DF647 /* Release */ = {
			isa = XCBuildConfiguration;
			buildSettings = {
				ALWAYS_SEARCH_USER_PATHS = NO;
				CLANG_ANALYZER_NONNULL = YES;
				CLANG_ANALYZER_NUMBER_OBJECT_CONVERSION = YES_AGGRESSIVE;
				CLANG_CXX_LANGUAGE_STANDARD = "gnu++17";
				CLANG_ENABLE_MODULES = YES;
				CLANG_ENABLE_OBJC_ARC = YES;
				CLANG_ENABLE_OBJC_WEAK = YES;
				CLANG_WARN_BLOCK_CAPTURE_AUTORELEASING = YES;
				CLANG_WARN_BOOL_CONVERSION = YES;
				CLANG_WARN_COMMA = YES;
				CLANG_WARN_CONSTANT_CONVERSION = YES;
				CLANG_WARN_DEPRECATED_OBJC_IMPLEMENTATIONS = YES;
				CLANG_WARN_DIRECT_OBJC_ISA_USAGE = YES_ERROR;
				CLANG_WARN_DOCUMENTATION_COMMENTS = YES;
				CLANG_WARN_EMPTY_BODY = YES;
				CLANG_WARN_ENUM_CONVERSION = YES;
				CLANG_WARN_INFINITE_RECURSION = YES;
				CLANG_WARN_INT_CONVERSION = YES;
				CLANG_WARN_NON_LITERAL_NULL_CONVERSION = YES;
				CLANG_WARN_OBJC_IMPLICIT_RETAIN_SELF = YES;
				CLANG_WARN_OBJC_LITERAL_CONVERSION = YES;
				CLANG_WARN_OBJC_ROOT_CLASS = YES_ERROR;
				CLANG_WARN_QUOTED_INCLUDE_IN_FRAMEWORK_HEADER = YES;
				CLANG_WARN_RANGE_LOOP_ANALYSIS = YES;
				CLANG_WARN_STRICT_PROTOTYPES = YES;
				CLANG_WARN_SUSPICIOUS_MOVE = YES;
				CLANG_WARN_UNGUARDED_AVAILABILITY = YES_AGGRESSIVE;
				CLANG_WARN_UNREACHABLE_CODE = YES;
				CLANG_WARN__DUPLICATE_METHOD_MATCH = YES;
				COPY_PHASE_STRIP = NO;
				DEBUG_INFORMATION_FORMAT = "dwarf-with-dsym";
				ENABLE_NS_ASSERTIONS = NO;
				ENABLE_STRICT_OBJC_MSGSEND = YES;
				GCC_C_LANGUAGE_STANDARD = gnu11;
				GCC_NO_COMMON_BLOCKS = YES;
				GCC_WARN_64_TO_32_BIT_CONVERSION = YES;
				GCC_WARN_ABOUT_RETURN_TYPE = YES_ERROR;
				GCC_WARN_UNDECLARED_SELECTOR = YES;
				GCC_WARN_UNINITIALIZED_AUTOS = YES_AGGRESSIVE;
				GCC_WARN_UNUSED_FUNCTION = YES;
				GCC_WARN_UNUSED_VARIABLE = YES;
				IPHONEOS_DEPLOYMENT_TARGET = 15.5;
				MTL_ENABLE_DEBUG_INFO = NO;
				MTL_FAST_MATH = YES;
				SDKROOT = iphoneos;
				SWIFT_COMPILATION_MODE = wholemodule;
				SWIFT_OPTIMIZATION_LEVEL = "-O";
				VALIDATE_PRODUCT = YES;
			};
			name = Release;
		};
		29A93F3C29785477003DF647 /* Debug */ = {
			isa = XCBuildConfiguration;
			buildSettings = {
				ASSETCATALOG_COMPILER_APPICON_NAME = AppIcon;
				ASSETCATALOG_COMPILER_GLOBAL_ACCENT_COLOR_NAME = AccentColor;
				CODE_SIGN_IDENTITY = "Apple Development";
				CODE_SIGN_STYLE = Automatic;
				CURRENT_PROJECT_VERSION = 1;
				DEVELOPMENT_ASSET_PATHS = "\"Moonshot/Preview Content\"";
				DEVELOPMENT_TEAM = "";
				ENABLE_PREVIEWS = YES;
				GENERATE_INFOPLIST_FILE = YES;
				INFOPLIST_KEY_UIApplicationSceneManifest_Generation = YES;
				INFOPLIST_KEY_UIApplicationSupportsIndirectInputEvents = YES;
				INFOPLIST_KEY_UILaunchScreen_Generation = YES;
				INFOPLIST_KEY_UISupportedInterfaceOrientations_iPad = "UIInterfaceOrientationPortrait UIInterfaceOrientationPortraitUpsideDown UIInterfaceOrientationLandscapeLeft UIInterfaceOrientationLandscapeRight";
				INFOPLIST_KEY_UISupportedInterfaceOrientations_iPhone = "UIInterfaceOrientationPortrait UIInterfaceOrientationLandscapeLeft UIInterfaceOrientationLandscapeRight";
				LD_RUNPATH_SEARCH_PATHS = (
					"$(inherited)",
					"@executable_path/Frameworks",
				);
				MARKETING_VERSION = 1.0;
				PRODUCT_BUNDLE_IDENTIFIER = me.nasiru.danjuma.Moonshot;
				PRODUCT_NAME = "$(TARGET_NAME)";
				PROVISIONING_PROFILE_SPECIFIER = "";
				SWIFT_EMIT_LOC_STRINGS = YES;
				SWIFT_VERSION = 5.0;
				TARGETED_DEVICE_FAMILY = "1,2";
			};
			name = Debug;
		};
		29A93F3D29785477003DF647 /* Release */ = {
			isa = XCBuildConfiguration;
			buildSettings = {
				ASSETCATALOG_COMPILER_APPICON_NAME = AppIcon;
				ASSETCATALOG_COMPILER_GLOBAL_ACCENT_COLOR_NAME = AccentColor;
				CODE_SIGN_IDENTITY = "Apple Development";
				CODE_SIGN_STYLE = Automatic;
				CURRENT_PROJECT_VERSION = 1;
				DEVELOPMENT_ASSET_PATHS = "\"Moonshot/Preview Content\"";
				DEVELOPMENT_TEAM = "";
				ENABLE_PREVIEWS = YES;
				GENERATE_INFOPLIST_FILE = YES;
				INFOPLIST_KEY_UIApplicationSceneManifest_Generation = YES;
				INFOPLIST_KEY_UIApplicationSupportsIndirectInputEvents = YES;
				INFOPLIST_KEY_UILaunchScreen_Generation = YES;
				INFOPLIST_KEY_UISupportedInterfaceOrientations_iPad = "UIInterfaceOrientationPortrait UIInterfaceOrientationPortraitUpsideDown UIInterfaceOrientationLandscapeLeft UIInterfaceOrientationLandscapeRight";
				INFOPLIST_KEY_UISupportedInterfaceOrientations_iPhone = "UIInterfaceOrientationPortrait UIInterfaceOrientationLandscapeLeft UIInterfaceOrientationLandscapeRight";
				LD_RUNPATH_SEARCH_PATHS = (
					"$(inherited)",
					"@executable_path/Frameworks",
				);
				MARKETING_VERSION = 1.0;
				PRODUCT_BUNDLE_IDENTIFIER = me.nasiru.danjuma.Moonshot;
				PRODUCT_NAME = "$(TARGET_NAME)";
				PROVISIONING_PROFILE_SPECIFIER = "";
				SWIFT_EMIT_LOC_STRINGS = YES;
				SWIFT_VERSION = 5.0;
				TARGETED_DEVICE_FAMILY = "1,2";
			};
			name = Release;
		};
/* End XCBuildConfiguration section */

/* Begin XCConfigurationList section */
		29A93F2829785476003DF647 /* Build configuration list for PBXProject "Moonshot" */ = {
			isa = XCConfigurationList;
			buildConfigurations = (
				29A93F3929785477003DF647 /* Debug */,
				29A93F3A29785477003DF647 /* Release */,
			);
			defaultConfigurationIsVisible = 0;
			defaultConfigurationName = Release;
		};
		29A93F3B29785477003DF647 /* Build configuration list for PBXNativeTarget "Moonshot" */ = {
			isa = XCConfigurationList;
			buildConfigurations = (
				29A93F3C29785477003DF647 /* Debug */,
				29A93F3D29785477003DF647 /* Release */,
			);
			defaultConfigurationIsVisible = 0;
			defaultConfigurationName = Release;
		};
/* End XCConfigurationList section */
	};
	rootObject = 29A93F2529785476003DF647 /* Project object */;
}
